
Microsoft Visual Studio Solution File, Format Version 11.00
# Visual Studio 2010
Project("{FAE04EC0-301F-11D3-BF4B-00C04F79EFBC}") = "Assembly-CSharp", "Assembly-CSharp.csproj", "{161b6f8a-b21f-6e94-4beb-15a3b4c8ac34}"
EndProject
Global
	GlobalSection(SolutionConfigurationPlatforms) = preSolution
		Debug|Any CPU = Debug|Any CPU
		Release|Any CPU = Release|Any CPU
	EndGlobalSection
	GlobalSection(ProjectConfigurationPlatforms) = postSolution
		{161b6f8a-b21f-6e94-4beb-15a3b4c8ac34}.Debug|Any CPU.ActiveCfg = Debug|Any CPU
		{161b6f8a-b21f-6e94-4beb-15a3b4c8ac34}.Debug|Any CPU.Build.0 = Debug|Any CPU
		{161b6f8a-b21f-6e94-4beb-15a3b4c8ac34}.Release|Any CPU.ActiveCfg = Release|Any CPU
		{161b6f8a-b21f-6e94-4beb-15a3b4c8ac34}.Release|Any CPU.Build.0 = Release|Any CPU
	EndGlobalSection
	GlobalSection(SolutionProperties) = preSolution
		HideSolutionNode = FALSE
	EndGlobalSection
EndGlobal
